{
  "name": "spinning-ball",
  "version": "0.2.3",
  "lockfileVersion": 1,
  "requires": true,
  "dependencies": {
    "@types/node": {
      "version": "13.11.1",
      "resolved": "https://registry.npmjs.org/@types/node/-/node-13.11.1.tgz",
      "integrity": "sha512-eWQGP3qtxwL8FGneRrC5DwrJLGN4/dH1clNTuLfN81HCrxVtxRjygDTUoZJ5ASlDEeo0ppYFQjQIlXhtXpOn6g==",
      "dev": true
    },
    "@types/resolve": {
      "version": "0.0.8",
      "resolved": "https://registry.npmjs.org/@types/resolve/-/resolve-0.0.8.tgz",
      "integrity": "sha512-auApPaJf3NPfe18hSoJkp8EbZzer2ISk7o8mCC3M9he/a04+gbMF97NkpD2S8riMGvm4BMRI59/SZQSaLTKpsQ==",
      "dev": true,
      "requires": {
        "@types/node": "*"
      }
    },
    "builtin-modules": {
      "version": "3.1.0",
      "resolved": "https://registry.npmjs.org/builtin-modules/-/builtin-modules-3.1.0.tgz",
      "integrity": "sha512-k0KL0aWZuBt2lrxrcASWDfwOLMnodeQjodT/1SxEQAXsHANgo6ZC/VEaSEHCXt7aSTZ4/4H5LKa+tBXmW7Vtvw==",
      "dev": true
    },
    "commander": {
      "version": "2.20.0",
      "resolved": "https://registry.npmjs.org/commander/-/commander-2.20.0.tgz",
      "integrity": "sha512-7j2y+40w61zy6YC2iRNpUe/NwhNyoXrYpHMrSunaMG64nRnaf96zO/KMQR4OyN/UnE5KLyEBnKHd4aG3rskjpQ==",
      "dev": true
    },
    "d3-array": {
      "version": "1.2.4",
      "resolved": "https://registry.npmjs.org/d3-array/-/d3-array-1.2.4.tgz",
      "integrity": "sha512-KHW6M86R+FUPYGb3R5XiYjXPq7VzwxZ22buHhAEVG5ztoEcZZMLov530mmccaqA1GghZArjQV46fuc8kUqhhHw==",
      "dev": true
    },
    "d3-geo": {
      "version": "1.11.6",
      "resolved": "https://registry.npmjs.org/d3-geo/-/d3-geo-1.11.6.tgz",
      "integrity": "sha512-z0J8InXR9e9wcgNtmVnPTj0TU8nhYT6lD/ak9may2PdKqXIeHUr8UbFLoCtrPYNsjv6YaLvSDQVl578k6nm7GA==",
      "dev": true,
      "requires": {
        "d3-array": "1"
      }
    },
    "d3-geo-projection": {
      "version": "2.7.0",
      "resolved": "https://registry.npmjs.org/d3-geo-projection/-/d3-geo-projection-2.7.0.tgz",
      "integrity": "sha512-G8C/8gvUQVwuLloW88d/NGbyh5CLONowQzU6gB7cczfGbSjMrQHFbaCqipWUqUWaBdqpyfTlLE3GPGy0RMpKYw==",
      "dev": true,
      "requires": {
        "commander": "2",
        "d3-array": "1",
        "d3-geo": "^1.10.0",
        "resolve": "^1.1.10"
      }
    },
    "estree-walker": {
      "version": "0.6.1",
      "resolved": "https://registry.npmjs.org/estree-walker/-/estree-walker-0.6.1.tgz",
      "integrity": "sha512-SqmZANLWS0mnatqbSfRP5g8OXZC12Fgg1IwNtLsyHDzJizORW4khDfjPqJZsemPWBB2uqykUah5YpQ6epsqC/w==",
      "dev": true
    },
    "fsevents": {
      "version": "2.1.3",
      "resolved": "https://registry.npmjs.org/fsevents/-/fsevents-2.1.3.tgz",
      "integrity": "sha512-Auw9a4AxqWpa9GUfj370BMPzzyncfBABW8Mab7BGWBYDj4Isgq+cDKtx0i6u9jcX9pQDnswsaaOTgTmA5pEjuQ==",
      "dev": true,
      "optional": true
    },
    "gl-matrix": {
      "version": "3.1.0",
      "resolved": "https://registry.npmjs.org/gl-matrix/-/gl-matrix-3.1.0.tgz",
      "integrity": "sha512-526NA+3EA+ztAQi0IZpSWiM0fyQXIp7IbRvfJ4wS/TjjQD0uv0fVybXwwqqSOlq33UckivI0yMDlVtboWm3k7A=="
    },
    "is-module": {
      "version": "1.0.0",
      "resolved": "https://registry.npmjs.org/is-module/-/is-module-1.0.0.tgz",
      "integrity": "sha1-Mlj7afeMFNW4FdZkM2tM/7ZEFZE=",
      "dev": true
    },
    "path-parse": {
      "version": "1.0.6",
      "resolved": "https://registry.npmjs.org/path-parse/-/path-parse-1.0.6.tgz",
      "integrity": "sha512-GSmOT2EbHrINBf9SR7CDELwlJ8AENk3Qn7OikK4nFYAu3Ote2+JYNVvkpAEQm3/TLNEJFD/xZJjzyxg3KBWOzw==",
      "dev": true
    },
    "resolve": {
      "version": "1.12.0",
      "resolved": "https://registry.npmjs.org/resolve/-/resolve-1.12.0.tgz",
      "integrity": "sha512-B/dOmuoAik5bKcD6s6nXDCjzUKnaDvdkRyAk6rsmsKLipWj4797iothd7jmmUhWTfinVMU+wc56rYKsit2Qy4w==",
      "dev": true,
      "requires": {
        "path-parse": "^1.0.6"
      }
    },
    "rollup": {
      "version": "2.38.0",
      "resolved": "https://registry.npmjs.org/rollup/-/rollup-2.38.0.tgz",
      "integrity": "sha512-ay9zDiNitZK/LNE/EM2+v5CZ7drkB2xyDljvb1fQJCGnq43ZWRkhxN145oV8GmoW1YNi4sA/1Jdkr2LfawJoXw==",
      "dev": true,
      "requires": {
        "fsevents": "~2.1.2"
      }
    },
    "rollup-plugin-node-resolve": {
      "version": "5.2.0",
      "resolved": "https://registry.npmjs.org/rollup-plugin-node-resolve/-/rollup-plugin-node-resolve-5.2.0.tgz",
      "integrity": "sha512-jUlyaDXts7TW2CqQ4GaO5VJ4PwwaV8VUGA7+km3n6k6xtOEacf61u0VXwN80phY/evMcaS+9eIeJ9MOyDxt5Zw==",
      "dev": true,
      "requires": {
        "@types/resolve": "0.0.8",
        "builtin-modules": "^3.1.0",
        "is-module": "^1.0.0",
        "resolve": "^1.11.1",
        "rollup-pluginutils": "^2.8.1"
      }
    },
    "rollup-pluginutils": {
      "version": "2.8.1",
      "resolved": "https://registry.npmjs.org/rollup-pluginutils/-/rollup-pluginutils-2.8.1.tgz",
      "integrity": "sha512-J5oAoysWar6GuZo0s+3bZ6sVZAC0pfqKz68De7ZgDi5z63jOVZn1uJL/+z1jeKHNbGII8kAyHF5q8LnxSX5lQg==",
      "dev": true,
      "requires": {
        "estree-walker": "^0.6.1"
      }
    },
    "topojson-client": {
      "version": "3.0.1",
      "resolved": "https://registry.npmjs.org/topojson-client/-/topojson-client-3.0.1.tgz",
      "integrity": "sha512-rfGGzyqefpxOaxvV9OTF9t+1g+WhjGEbAIuCcmKYrQkxr0nttjMMyzZsK+NhLW4cTl2g1bz2jQczPUtEshpbVQ==",
      "dev": true,
      "requires": {
        "commander": "2"
      }
    },
    "touch-sampler": {
      "version": "0.0.1",
      "resolved": "https://registry.npmjs.org/touch-sampler/-/touch-sampler-0.0.1.tgz",
      "integrity": "sha512-6OCDYwFGDyLymRDwkZlHdKL1WUBeA70UKgSL8JyTyr5sBGE4pb8UsVHtVjyv2YR09xjX9UCWp4PdQU4HUyjQPg=="
    },
    "yawgl": {
      "version": "github:GlobeletJS/yawgl#bdab46fe8908d2a2e5d4cb4e5bf542092f39110b",
      "from": "github:GlobeletJS/yawgl"
    }
  }
}
